
Microsoft Visual Studio Solution File, Format Version 12.00
# Visual Studio Version 16
VisualStudioVersion = 16.0.29001.49
MinimumVisualStudioVersion = 10.0.40219.1
Project("{FAE04EC0-301F-11D3-BF4B-00C04F79EFBC}") = "01_Hello", "01_Hello\01_Hello.csproj", "{C0FE2E3F-4198-41EB-87CB-8DA542E73469}"
EndProject
Global
	GlobalSection(SolutionConfigurationPlatforms) = preSolution
		Debug|Any CPU = Debug|Any CPU
		Release|Any CPU = Release|Any CPU
	EndGlobalSection
	GlobalSection(ProjectConfigurationPlatforms) = postSolution
		{C0FE2E3F-4198-41EB-87CB-8DA542E73469}.Debug|Any CPU.ActiveCfg = Debug|Any CPU
		{C0FE2E3F-4198-41EB-87CB-8DA542E73469}.Debug|Any CPU.Build.0 = Debug|Any CPU
		{C0FE2E3F-4198-41EB-87CB-8DA542E73469}.Release|Any CPU.ActiveCfg = Release|Any CPU
		{C0FE2E3F-4198-41EB-87CB-8DA542E73469}.Release|Any CPU.Build.0 = Release|Any CPU
	EndGlobalSection
	GlobalSection(SolutionProperties) = preSolution
		HideSolutionNode = FALSE
	EndGlobalSection
	GlobalSection(ExtensibilityGlobals) = postSolution
		SolutionGuid = {203C4BFF-DDFF-4D4F-AADE-B982509480D1}
	EndGlobalSection
EndGlobal
